hash: d323b2257b0e683c76d56673405ecdd99032c9fe78c605a7b84a6be341273bf5
updated: 2018-01-11T17:53:02.281558809+08:00
imports:
- name: github.com/magiconair/properties
  version: d419a98cdbed11a922bf76f257b7c4be79b50e73
- name: github.com/mreiferson/go-httpclient
  version: 31f0106b4474f14bc441575c19d3a5fa21aa1f6c
- name: github.com/rcrowley/go-metrics
  version: e181e095bae94582363434144c61a9653aff6e50
testImports:
- name: github.com/davecgh/go-spew
  version: ecdeabc65495df2dec95d7c4a4c3e021903035e5
  subpackages:
  - spew
- name: github.com/pmezard/go-difflib
  version: 792786c7400a136282c1664665ae0a8db921c6c2
  subpackages:
  - difflib
- name: github.com/stretchr/testify
  version: 87b1dfb5b2fa649f52695dd9eae19abe404a4308
  subpackages:
  - assert
